// !$*UTF8*$!
{
	archiveVersion = 1;
	classes = {
	};
	objectVersion = 50;
	objects = {

/* Begin PBXBuildFile section */
		FAC6F7DC2398FF2300B51102 /* AppDelegate.swift in Sources */ = {isa = PBXBuildFile; fileRef = FAC6F7DB2398FF2300B51102 /* AppDelegate.swift */; };
		FAC6F7DE2398FF2300B51102 /* SceneDelegate.swift in Sources */ = {isa = PBXBuildFile; fileRef = FAC6F7DD2398FF2300B51102 /* SceneDelegate.swift */; };
		FAC6F7E02398FF2300B51102 /* ViewController.swift in Sources */ = {isa = PBXBuildFile; fileRef = FAC6F7DF2398FF2300B51102 /* ViewController.swift */; };
		FAC6F7E32398FF2300B51102 /* Main.storyboard in Resources */ = {isa = PBXBuildFile; fileRef = FAC6F7E12398FF2300B51102 /* Main.storyboard */; };
		FAC6F7E52398FF2700B51102 /* Assets.xcassets in Resources */ = {isa = PBXBuildFile; fileRef = FAC6F7E42398FF2700B51102 /* Assets.xcassets */; };
		FAC6F7E82398FF2700B51102 /* LaunchScreen.storyboard in Resources */ = {isa = PBXBuildFile; fileRef = FAC6F7E62398FF2700B51102 /* LaunchScreen.storyboard */; };
/* End PBXBuildFile section */

/* Begin PBXFileReference section */
		FAC6F7D82398FF2300B51102 /* iOS-GoogleMapRoute.app */ = {isa = PBXFileReference; explicitFileType = wrapper.application; includeInIndex = 0; path = "iOS-GoogleMapRoute.app"; sourceTree = BUILT_PRODUCTS_DIR; };
		FAC6F7DB2398FF2300B51102 /* AppDelegate.swift */ = {isa = PBXFileReference; lastKnownFileType = sourcecode.swift; path = AppDelegate.swift; sourceTree = "<group>"; };
		FAC6F7DD2398FF2300B51102 /* SceneDelegate.swift */ = {isa = PBXFileReference; lastKnownFileType = sourcecode.swift; path = SceneDelegate.swift; sourceTree = "<group>"; };
		FAC6F7DF2398FF2300B51102 /* ViewController.swift */ = {isa = PBXFileReference; lastKnownFileType = sourcecode.swift; path = ViewController.swift; sourceTree = "<group>"; };
		FAC6F7E22398FF2300B51102 /* Base */ = {isa = PBXFileReference; lastKnownFileType = file.storyboard; name = Base; path = Base.lproj/Main.storyboard; sourceTree = "<group>"; };
		FAC6F7E42398FF2700B51102 /* Assets.xcassets */ = {isa = PBXFileReference; lastKnownFileType = folder.assetcatalog; path = Assets.xcassets; sourceTree = "<group>"; };
		FAC6F7E72398FF2700B51102 /* Base */ = {isa = PBXFileReference; lastKnownFileType = file.storyboard; name = Base; path = Base.lproj/LaunchScreen.storyboard; sourceTree = "<group>"; };
		FAC6F7E92398FF2700B51102 /* Info.plist */ = {isa = PBXFileReference; lastKnownFileType = text.plist.xml; path = Info.plist; sourceTree = "<group>"; };
/* End PBXFileReference section */

/* Begin PBXFrameworksBuildPhase section */
		FAC6F7D52398FF2300B51102 /* Frameworks */ = {
			isa = PBXFrameworksBuildPhase;
			buildActionMask = 2147483647;
			files = (
			);
			runOnlyForDeploymentPostprocessing = 0;
		};
/* End PBXFrameworksBuildPhase section */

/* Begin PBXGroup section */
		FAC6F7CF2398FF2200B51102 = {
			isa = PBXGroup;
			children = (
				FAC6F7DA2398FF2300B51102 /* iOS-GoogleMapRoute */,
				FAC6F7D92398FF2300B51102 /* Products */,
			);
			sourceTree = "<group>";
		};
		FAC6F7D92398FF2300B51102 /* Products */ = {
			isa = PBXGroup;
			children = (
				FAC6F7D82398FF2300B51102 /* iOS-GoogleMapRoute.app */,
			);
			name = Products;
			sourceTree = "<group>";
		};
		FAC6F7DA2398FF2300B51102 /* iOS-GoogleMapRoute */ = {
			isa = PBXGroup;
			children = (
				FAC6F7DB2398FF2300B51102 /* AppDelegate.swift */,
				FAC6F7DD2398FF2300B51102 /* SceneDelegate.swift */,
				FAC6F7DF2398FF2300B51102 /* ViewController.swift */,
				FAC6F7E12398FF2300B51102 /* Main.storyboard */,
				FAC6F7E42398FF2700B51102 /* Assets.xcassets */,
				FAC6F7E62398FF2700B51102 /* LaunchScreen.storyboard */,
				FAC6F7E92398FF2700B51102 /* Info.plist */,
			);
			path = "iOS-GoogleMapRoute";
			sourceTree = "<group>";
		};
/* End PBXGroup section */

/* Begin PBXNativeTarget section */
		FAC6F7D72398FF2300B51102 /* iOS-GoogleMapRoute */ = {
			isa = PBXNativeTarget;
			buildConfigurationList = FAC6F7EC2398FF2700B51102 /* Build configuration list for PBXNativeTarget "iOS-GoogleMapRoute" */;
			buildPhases = (
				FAC6F7D42398FF2300B51102 /* Sources */,
				FAC6F7D52398FF2300B51102 /* Frameworks */,
				FAC6F7D62398FF2300B51102 /* Resources */,
			);
			buildRules = (
			);
			dependencies = (
			);
			name = "iOS-GoogleMapRoute";
			productName = "iOS-GoogleMapRoute";
			productReference = FAC6F7D82398FF2300B51102 /* iOS-GoogleMapRoute.app */;
			productType = "com.apple.product-type.application";
		};
/* End PBXNativeTarget section */

/* Begin PBXProject section */
		FAC6F7D02398FF2200B51102 /* Project object */ = {
			isa = PBXProject;
			attributes = {
				LastSwiftUpdateCheck = 1120;
				LastUpgradeCheck = 1120;
				ORGANIZATIONNAME = BOTTAK;
				TargetAttributes = {
					FAC6F7D72398FF2300B51102 = {
						CreatedOnToolsVersion = 11.2.1;
					};
				};
			};
			buildConfigurationList = FAC6F7D32398FF2200B51102 /* Build configuration list for PBXProject "iOS-GoogleMapRoute" */;
			compatibilityVersion = "Xcode 9.3";
			developmentRegion = en;
			hasScannedForEncodings = 0;
			knownRegions = (
				en,
				Base,
			);
			mainGroup = FAC6F7CF2398FF2200B51102;
			productRefGroup = FAC6F7D92398FF2300B51102 /* Products */;
			projectDirPath = "";
			projectRoot = "";
			targets = (
				FAC6F7D72398FF2300B51102 /* iOS-GoogleMapRoute */,
			);
		};
/* End PBXProject section */

/* Begin PBXResourcesBuildPhase section */
		FAC6F7D62398FF2300B51102 /* Resources */ = {
			isa = PBXResourcesBuildPhase;
			buildActionMask = 2147483647;
			files = (
				FAC6F7E82398FF2700B51102 /* LaunchScreen.storyboard in Resources */,
				FAC6F7E52398FF2700B51102 /* Assets.xcassets in Resources */,
				FAC6F7E32398FF2300B51102 /* Main.storyboard in Resources */,
			);
			runOnlyForDeploymentPostprocessing = 0;
		};
/* End PBXResourcesBuildPhase section */

/* Begin PBXSourcesBuildPhase section */
		FAC6F7D42398FF2300B51102 /* Sources */ = {
			isa = PBXSourcesBuildPhase;
			buildActionMask = 2147483647;
			files = (
				FAC6F7E02398FF2300B51102 /* ViewController.swift in Sources */,
				FAC6F7DC2398FF2300B51102 /* AppDelegate.swift in Sources */,
				FAC6F7DE2398FF2300B51102 /* SceneDelegate.swift in Sources */,
			);
			runOnlyForDeploymentPostprocessing = 0;
		};
/* End PBXSourcesBuildPhase section */

/* Begin PBXVariantGroup section */
		FAC6F7E12398FF2300B51102 /* Main.storyboard */ = {
			isa = PBXVariantGroup;
			children = (
				FAC6F7E22398FF2300B51102 /* Base */,
			);
			name = Main.storyboard;
			sourceTree = "<group>";
		};
		FAC6F7E62398FF2700B51102 /* LaunchScreen.storyboard */ = {
			isa = PBXVariantGroup;
			children = (
				FAC6F7E72398FF2700B51102 /* Base */,
			);
			name = LaunchScreen.storyboard;
			sourceTree = "<group>";
		};
/* End PBXVariantGroup section */

/* Begin XCBuildConfiguration section */
		FAC6F7EA2398FF2700B51102 /* Debug */ = {
			isa = XCBuildConfiguration;
			buildSettings = {
				ALWAYS_SEARCH_USER_PATHS = NO;
				CLANG_ANALYZER_NONNULL = YES;
				CLANG_ANALYZER_NUMBER_OBJECT_CONVERSION = YES_AGGRESSIVE;
				CLANG_CXX_LANGUAGE_STANDARD = "gnu++14";
				CLANG_CXX_LIBRARY = "libc++";
				CLANG_ENABLE_MODULES = YES;
				CLANG_ENABLE_OBJC_ARC = YES;
				CLANG_ENABLE_OBJC_WEAK = YES;
				CLANG_WARN_BLOCK_CAPTURE_AUTORELEASING = YES;
				CLANG_WARN_BOOL_CONVERSION = YES;
				CLANG_WARN_COMMA = YES;
				CLANG_WARN_CONSTANT_CONVERSION = YES;
				CLANG_WARN_DEPRECATED_OBJC_IMPLEMENTATIONS = YES;
				CLANG_WARN_DIRECT_OBJC_ISA_USAGE = YES_ERROR;
				CLANG_WARN_DOCUMENTATION_COMMENTS = YES;
				CLANG_WARN_EMPTY_BODY = YES;
				CLANG_WARN_ENUM_CONVERSION = YES;
				CLANG_WARN_INFINITE_RECURSION = YES;
				CLANG_WARN_INT_CONVERSION = YES;
				CLANG_WARN_NON_LITERAL_NULL_CONVERSION = YES;
				CLANG_WARN_OBJC_IMPLICIT_RETAIN_SELF = YES;
				CLANG_WARN_OBJC_LITERAL_CONVERSION = YES;
				CLANG_WARN_OBJC_ROOT_CLASS = YES_ERROR;
				CLANG_WARN_RANGE_LOOP_ANALYSIS = YES;
				CLANG_WARN_STRICT_PROTOTYPES = YES;
				CLANG_WARN_SUSPICIOUS_MOVE = YES;
				CLANG_WARN_UNGUARDED_AVAILABILITY = YES_AGGRESSIVE;
				CLANG_WARN_UNREACHABLE_CODE = YES;
				CLANG_WARN__DUPLICATE_METHOD_MATCH = YES;
				COPY_PHASE_STRIP = NO;
				DEBUG_INFORMATION_FORMAT = dwarf;
				ENABLE_STRICT_OBJC_MSGSEND = YES;
				ENABLE_TESTABILITY = YES;
				GCC_C_LANGUAGE_STANDARD = gnu11;
				GCC_DYNAMIC_NO_PIC = NO;
				GCC_NO_COMMON_BLOCKS = YES;
				GCC_OPTIMIZATION_LEVEL = 0;
				GCC_PREPROCESSOR_DEFINITIONS = (
					"DEBUG=1",
					"$(inherited)",
				);
				GCC_WARN_64_TO_32_BIT_CONVERSION = YES;
				GCC_WARN_ABOUT_RETURN_TYPE = YES_ERROR;
				GCC_WARN_UNDECLARED_SELECTOR = YES;
				GCC_WARN_UNINITIALIZED_AUTOS = YES_AGGRESSIVE;
				GCC_WARN_UNUSED_FUNCTION = YES;
				GCC_WARN_UNUSED_VARIABLE = YES;
				IPHONEOS_DEPLOYMENT_TARGET = 13.2;
				MTL_ENABLE_DEBUG_INFO = INCLUDE_SOURCE;
				MTL_FAST_MATH = YES;
				ONLY_ACTIVE_ARCH = YES;
				SDKROOT = iphoneos;
				SWIFT_ACTIVE_COMPILATION_CONDITIONS = DEBUG;
				SWIFT_OPTIMIZATION_LEVEL = "-Onone";
			};
			name = Debug;
		};
		FAC6F7EB2398FF2700B51102 /* Release */ = {
			isa = XCBuildConfiguration;
			buildSettings = {
				ALWAYS_SEARCH_USER_PATHS = NO;
				CLANG_ANALYZER_NONNULL = YES;
				CLANG_ANALYZER_NUMBER_OBJECT_CONVERSION = YES_AGGRESSIVE;
				CLANG_CXX_LANGUAGE_STANDARD = "gnu++14";
				CLANG_CXX_LIBRARY = "libc++";
				CLANG_ENABLE_MODULES = YES;
				CLANG_ENABLE_OBJC_ARC = YES;
				CLANG_ENABLE_OBJC_WEAK = YES;
				CLANG_WARN_BLOCK_CAPTURE_AUTORELEASING = YES;
				CLANG_WARN_BOOL_CONVERSION = YES;
				CLANG_WARN_COMMA = YES;
				CLANG_WARN_CONSTANT_CONVERSION = YES;
				CLANG_WARN_DEPRECATED_OBJC_IMPLEMENTATIONS = YES;
				CLANG_WARN_DIRECT_OBJC_ISA_USAGE = YES_ERROR;
				CLANG_WARN_DOCUMENTATION_COMMENTS = YES;
				CLANG_WARN_EMPTY_BODY = YES;
				CLANG_WARN_ENUM_CONVERSION = YES;
				CLANG_WARN_INFINITE_RECURSION = YES;
				CLANG_WARN_INT_CONVERSION = YES;
				CLANG_WARN_NON_LITERAL_NULL_CONVERSION = YES;
				CLANG_WARN_OBJC_IMPLICIT_RETAIN_SELF = YES;
				CLANG_WARN_OBJC_LITERAL_CONVERSION = YES;
				CLANG_WARN_OBJC_ROOT_CLASS = YES_ERROR;
				CLANG_WARN_RANGE_LOOP_ANALYSIS = YES;
				CLANG_WARN_STRICT_PROTOTYPES = YES;
				CLANG_WARN_SUSPICIOUS_MOVE = YES;
				CLANG_WARN_UNGUARDED_AVAILABILITY = YES_AGGRESSIVE;
				CLANG_WARN_UNREACHABLE_CODE = YES;
				CLANG_WARN__DUPLICATE_METHOD_MATCH = YES;
				COPY_PHASE_STRIP = NO;
				DEBUG_INFORMATION_FORMAT = "dwarf-with-dsym";
				ENABLE_NS_ASSERTIONS = NO;
				ENABLE_STRICT_OBJC_MSGSEND = YES;
				GCC_C_LANGUAGE_STANDARD = gnu11;
				GCC_NO_COMMON_BLOCKS = YES;
				GCC_WARN_64_TO_32_BIT_CONVERSION = YES;
				GCC_WARN_ABOUT_RETURN_TYPE = YES_ERROR;
				GCC_WARN_UNDECLARED_SELECTOR = YES;
				GCC_WARN_UNINITIALIZED_AUTOS = YES_AGGRESSIVE;
				GCC_WARN_UNUSED_FUNCTION = YES;
				GCC_WARN_UNUSED_VARIABLE = YES;
				IPHONEOS_DEPLOYMENT_TARGET = 13.2;
				MTL_ENABLE_DEBUG_INFO = NO;
				MTL_FAST_MATH = YES;
				SDKROOT = iphoneos;
				SWIFT_COMPILATION_MODE = wholemodule;
				SWIFT_OPTIMIZATION_LEVEL = "-O";
				VALIDATE_PRODUCT = YES;
			};
			name = Release;
		};
		FAC6F7ED2398FF2700B51102 /* Debug */ = {
			isa = XCBuildConfiguration;
			buildSettings = {
				ASSETCATALOG_COMPILER_APPICON_NAME = AppIcon;
				CODE_SIGN_STYLE = Automatic;
				INFOPLIST_FILE = "iOS-GoogleMapRoute/Info.plist";
				LD_RUNPATH_SEARCH_PATHS = (
					"$(inherited)",
					"@executable_path/Frameworks",
				);
				PRODUCT_BUNDLE_IDENTIFIER = "VP.iOS-GoogleMapRoute";
				PRODUCT_NAME = "$(TARGET_NAME)";
				SWIFT_VERSION = 5.0;
				TARGETED_DEVICE_FAMILY = "1,2";
			};
			name = Debug;
		};
		FAC6F7EE2398FF2700B51102 /* Release */ = {
			isa = XCBuildConfiguration;
			buildSettings = {
				ASSETCATALOG_COMPILER_APPICON_NAME = AppIcon;
				CODE_SIGN_STYLE = Automatic;
				INFOPLIST_FILE = "iOS-GoogleMapRoute/Info.plist";
				LD_RUNPATH_SEARCH_PATHS = (
					"$(inherited)",
					"@executable_path/Frameworks",
				);
				PRODUCT_BUNDLE_IDENTIFIER = "VP.iOS-GoogleMapRoute";
				PRODUCT_NAME = "$(TARGET_NAME)";
				SWIFT_VERSION = 5.0;
				TARGETED_DEVICE_FAMILY = "1,2";
			};
			name = Release;
		};
/* End XCBuildConfiguration section */

/* Begin XCConfigurationList section */
		FAC6F7D32398FF2200B51102 /* Build configuration list for PBXProject "iOS-GoogleMapRoute" */ = {
			isa = XCConfigurationList;
			buildConfigurations = (
				FAC6F7EA2398FF2700B51102 /* Debug */,
				FAC6F7EB2398FF2700B51102 /* Release */,
			);
			defaultConfigurationIsVisible = 0;
			defaultConfigurationName = Release;
		};
		FAC6F7EC2398FF2700B51102 /* Build configuration list for PBXNativeTarget "iOS-GoogleMapRoute" */ = {
			isa = XCConfigurationList;
			buildConfigurations = (
				FAC6F7ED2398FF2700B51102 /* Debug */,
				FAC6F7EE2398FF2700B51102 /* Release */,
			);
			defaultConfigurationIsVisible = 0;
			defaultConfigurationName = Release;
		};
/* End XCConfigurationList section */
	};
	rootObject = FAC6F7D02398FF2200B51102 /* Project object */;
}
